
Microsoft Visual Studio Solution File, Format Version 12.00
# Visual Studio Version 17
VisualStudioVersion = 17.5.002.0
MinimumVisualStudioVersion = 10.0.40219.1
Project("{9A19103F-16F7-4668-BE54-9A1E7A4F7556}") = "pokemonder", "pokemonder\pokemonder.csproj", "{90F73816-A2AA-45EB-80BB-8CF87FBC30F7}"
EndProject
Project("{FAE04EC0-301F-11D3-BF4B-00C04F79EFBC}") = "BookCatalog", "BookCatalog\BookCatalog.csproj", "{139B079C-EA21-4420-B94E-A1E1DC871190}"
EndProject
Global
	GlobalSection(SolutionConfigurationPlatforms) = preSolution
		Debug|Any CPU = Debug|Any CPU
		Release|Any CPU = Release|Any CPU
	EndGlobalSection
	GlobalSection(ProjectConfigurationPlatforms) = postSolution
		{90F73816-A2AA-45EB-80BB-8CF87FBC30F7}.Debug|Any CPU.ActiveCfg = Debug|Any CPU
		{90F73816-A2AA-45EB-80BB-8CF87FBC30F7}.Debug|Any CPU.Build.0 = Debug|Any CPU
		{90F73816-A2AA-45EB-80BB-8CF87FBC30F7}.Release|Any CPU.ActiveCfg = Release|Any CPU
		{90F73816-A2AA-45EB-80BB-8CF87FBC30F7}.Release|Any CPU.Build.0 = Release|Any CPU
		{139B079C-EA21-4420-B94E-A1E1DC871190}.Debug|Any CPU.ActiveCfg = Debug|Any CPU
		{139B079C-EA21-4420-B94E-A1E1DC871190}.Debug|Any CPU.Build.0 = Debug|Any CPU
		{139B079C-EA21-4420-B94E-A1E1DC871190}.Release|Any CPU.ActiveCfg = Release|Any CPU
		{139B079C-EA21-4420-B94E-A1E1DC871190}.Release|Any CPU.Build.0 = Release|Any CPU
	EndGlobalSection
	GlobalSection(SolutionProperties) = preSolution
		HideSolutionNode = FALSE
	EndGlobalSection
	GlobalSection(ExtensibilityGlobals) = postSolution
		SolutionGuid = {BF2F593B-ECF2-4AE3-9C16-37664267F569}
	EndGlobalSection
EndGlobal
